// !$*UTF8*$!
{
	archiveVersion = 1;
	classes = {
	};
	objectVersion = 46;
	objects = {

/* Begin PBXBuildFile section */
		607D9AD181C977BC186D8E09 /* libPods.a in Frameworks */ = {isa = PBXBuildFile; fileRef = E46460373E3BDB2E422E9F0F /* libPods.a */; };
		ABAD58781A6076740079BC6D /* main.m in Sources */ = {isa = PBXBuildFile; fileRef = ABAD58771A6076740079BC6D /* main.m */; };
		ABAD587B1A6076740079BC6D /* AppDelegate.m in Sources */ = {isa = PBXBuildFile; fileRef = ABAD587A1A6076740079BC6D /* AppDelegate.m */; };
		ABAD587E1A6076740079BC6D /* TuEntrada.xcdatamodeld in Sources */ = {isa = PBXBuildFile; fileRef = ABAD587C1A6076740079BC6D /* TuEntrada.xcdatamodeld */; };
		ABAD58811A6076740079BC6D /* ViewController.m in Sources */ = {isa = PBXBuildFile; fileRef = ABAD58801A6076740079BC6D /* ViewController.m */; };
		ABAD58841A6076740079BC6D /* Main.storyboard in Resources */ = {isa = PBXBuildFile; fileRef = ABAD58821A6076740079BC6D /* Main.storyboard */; };
		ABAD58861A6076740079BC6D /* Images.xcassets in Resources */ = {isa = PBXBuildFile; fileRef = ABAD58851A6076740079BC6D /* Images.xcassets */; };
		ABAD58891A6076740079BC6D /* LaunchScreen.xib in Resources */ = {isa = PBXBuildFile; fileRef = ABAD58871A6076740079BC6D /* LaunchScreen.xib */; };
		ABAD58951A6076740079BC6D /* TuEntradaTests.m in Sources */ = {isa = PBXBuildFile; fileRef = ABAD58941A6076740079BC6D /* TuEntradaTests.m */; };
		ABAD58A51A6082F50079BC6D /* ParserTuEntrada.m in Sources */ = {isa = PBXBuildFile; fileRef = ABAD58A41A6082F50079BC6D /* ParserTuEntrada.m */; };
		ABAD58A81A6083180079BC6D /* ItemAgenda.m in Sources */ = {isa = PBXBuildFile; fileRef = ABAD58A71A6083180079BC6D /* ItemAgenda.m */; };
		ABAD58AF1A6085220079BC6D /* Constantes.m in Sources */ = {isa = PBXBuildFile; fileRef = ABAD58AE1A6085220079BC6D /* Constantes.m */; };
		ABAD58B41A608F970079BC6D /* CustomCell.m in Sources */ = {isa = PBXBuildFile; fileRef = ABAD58B31A608F970079BC6D /* CustomCell.m */; };
		ABAD58B61A6094B60079BC6D /* default_logo.jpg in Resources */ = {isa = PBXBuildFile; fileRef = ABAD58B51A6094B60079BC6D /* default_logo.jpg */; };
		ABAD58BB1A633FF50079BC6D /* AgendaViewController.m in Sources */ = {isa = PBXBuildFile; fileRef = ABAD58BA1A633FF50079BC6D /* AgendaViewController.m */; };
		ABAD58BD1A6343C00079BC6D /* MapKit.framework in Frameworks */ = {isa = PBXBuildFile; fileRef = ABAD58BC1A6343C00079BC6D /* MapKit.framework */; };
		ABAD58BF1A6343CC0079BC6D /* ImageIO.framework in Frameworks */ = {isa = PBXBuildFile; fileRef = ABAD58BE1A6343CC0079BC6D /* ImageIO.framework */; };
		ABAD58C31A63446D0079BC6D /* CoreImage.framework in Frameworks */ = {isa = PBXBuildFile; fileRef = ABAD58C21A63446D0079BC6D /* CoreImage.framework */; };
		ABAD58C51A63448D0079BC6D /* Foundation.framework in Frameworks */ = {isa = PBXBuildFile; fileRef = ABAD58C41A63448D0079BC6D /* Foundation.framework */; };
		ABAD58C71A63449A0079BC6D /* CoreGraphics.framework in Frameworks */ = {isa = PBXBuildFile; fileRef = ABAD58C61A63449A0079BC6D /* CoreGraphics.framework */; };
		ABAD58CC1A6464B10079BC6D /* DetailController.m in Sources */ = {isa = PBXBuildFile; fileRef = ABAD58CB1A6464B10079BC6D /* DetailController.m */; };
		ABAD58D01A647B410079BC6D /* WebController.m in Sources */ = {isa = PBXBuildFile; fileRef = ABAD58CF1A647B410079BC6D /* WebController.m */; };
		ABAD58D51A647D1A0079BC6D /* web_back@2x.png in Resources */ = {isa = PBXBuildFile; fileRef = ABAD58D11A647D1A0079BC6D /* web_back@2x.png */; };
		ABAD58D61A647D1A0079BC6D /* web_forward@2x.png in Resources */ = {isa = PBXBuildFile; fileRef = ABAD58D21A647D1A0079BC6D /* web_forward@2x.png */; };
		ABAD58D71A647D1A0079BC6D /* web_menu@2x.png in Resources */ = {isa = PBXBuildFile; fileRef = ABAD58D31A647D1A0079BC6D /* web_menu@2x.png */; };
		ABAD58D81A647D1A0079BC6D /* web_refresh@2x.png in Resources */ = {isa = PBXBuildFile; fileRef = ABAD58D41A647D1A0079BC6D /* web_refresh@2x.png */; };
/* End PBXBuildFile section */

/* Begin PBXContainerItemProxy section */
		ABAD588F1A6076740079BC6D /* PBXContainerItemProxy */ = {
			isa = PBXContainerItemProxy;
			containerPortal = ABAD586A1A6076740079BC6D /* Project object */;
			proxyType = 1;
			remoteGlobalIDString = ABAD58711A6076740079BC6D;
			remoteInfo = TuEntrada;
		};
/* End PBXContainerItemProxy section */

/* Begin PBXFileReference section */
		1EF98C37BCF82E5689C7ADAA /* Pods.debug.xcconfig */ = {isa = PBXFileReference; includeInIndex = 1; lastKnownFileType = text.xcconfig; name = Pods.debug.xcconfig; path = "Pods/Target Support Files/Pods/Pods.debug.xcconfig"; sourceTree = "<group>"; };
		ABAD58721A6076740079BC6D /* TuEntrada.app */ = {isa = PBXFileReference; explicitFileType = wrapper.application; includeInIndex = 0; path = TuEntrada.app; sourceTree = BUILT_PRODUCTS_DIR; };
		ABAD58761A6076740079BC6D /* Info.plist */ = {isa = PBXFileReference; lastKnownFileType = text.plist.xml; path = Info.plist; sourceTree = "<group>"; };
		ABAD58771A6076740079BC6D /* main.m */ = {isa = PBXFileReference; lastKnownFileType = sourcecode.c.objc; path = main.m; sourceTree = "<group>"; };
		ABAD58791A6076740079BC6D /* AppDelegate.h */ = {isa = PBXFileReference; lastKnownFileType = sourcecode.c.h; path = AppDelegate.h; sourceTree = "<group>"; };
		ABAD587A1A6076740079BC6D /* AppDelegate.m */ = {isa = PBXFileReference; lastKnownFileType = sourcecode.c.objc; path = AppDelegate.m; sourceTree = "<group>"; };
		ABAD587D1A6076740079BC6D /* TuEntrada.xcdatamodel */ = {isa = PBXFileReference; lastKnownFileType = wrapper.xcdatamodel; path = TuEntrada.xcdatamodel; sourceTree = "<group>"; };
		ABAD587F1A6076740079BC6D /* ViewController.h */ = {isa = PBXFileReference; lastKnownFileType = sourcecode.c.h; path = ViewController.h; sourceTree = "<group>"; };
		ABAD58801A6076740079BC6D /* ViewController.m */ = {isa = PBXFileReference; lastKnownFileType = sourcecode.c.objc; path = ViewController.m; sourceTree = "<group>"; };
		ABAD58831A6076740079BC6D /* Base */ = {isa = PBXFileReference; lastKnownFileType = file.storyboard; name = Base; path = Base.lproj/Main.storyboard; sourceTree = "<group>"; };
		ABAD58851A6076740079BC6D /* Images.xcassets */ = {isa = PBXFileReference; lastKnownFileType = folder.assetcatalog; path = Images.xcassets; sourceTree = "<group>"; };
		ABAD58881A6076740079BC6D /* Base */ = {isa = PBXFileReference; lastKnownFileType = file.xib; name = Base; path = Base.lproj/LaunchScreen.xib; sourceTree = "<group>"; };
		ABAD588E1A6076740079BC6D /* TuEntradaTests.xctest */ = {isa = PBXFileReference; explicitFileType = wrapper.cfbundle; includeInIndex = 0; path = TuEntradaTests.xctest; sourceTree = BUILT_PRODUCTS_DIR; };
		ABAD58931A6076740079BC6D /* Info.plist */ = {isa = PBXFileReference; lastKnownFileType = text.plist.xml; path = Info.plist; sourceTree = "<group>"; };
		ABAD58941A6076740079BC6D /* TuEntradaTests.m */ = {isa = PBXFileReference; lastKnownFileType = sourcecode.c.objc; path = TuEntradaTests.m; sourceTree = "<group>"; };
		ABAD58A31A6082F50079BC6D /* ParserTuEntrada.h */ = {isa = PBXFileReference; fileEncoding = 4; lastKnownFileType = sourcecode.c.h; path = ParserTuEntrada.h; sourceTree = "<group>"; };
		ABAD58A41A6082F50079BC6D /* ParserTuEntrada.m */ = {isa = PBXFileReference; fileEncoding = 4; lastKnownFileType = sourcecode.c.objc; path = ParserTuEntrada.m; sourceTree = "<group>"; };
		ABAD58A61A6083180079BC6D /* ItemAgenda.h */ = {isa = PBXFileReference; fileEncoding = 4; lastKnownFileType = sourcecode.c.h; path = ItemAgenda.h; sourceTree = "<group>"; };
		ABAD58A71A6083180079BC6D /* ItemAgenda.m */ = {isa = PBXFileReference; fileEncoding = 4; lastKnownFileType = sourcecode.c.objc; path = ItemAgenda.m; sourceTree = "<group>"; };
		ABAD58AD1A6085220079BC6D /* Constantes.h */ = {isa = PBXFileReference; fileEncoding = 4; lastKnownFileType = sourcecode.c.h; path = Constantes.h; sourceTree = "<group>"; };
		ABAD58AE1A6085220079BC6D /* Constantes.m */ = {isa = PBXFileReference; fileEncoding = 4; lastKnownFileType = sourcecode.c.objc; path = Constantes.m; sourceTree = "<group>"; };
		ABAD58B21A608F970079BC6D /* CustomCell.h */ = {isa = PBXFileReference; fileEncoding = 4; lastKnownFileType = sourcecode.c.h; path = CustomCell.h; sourceTree = "<group>"; };
		ABAD58B31A608F970079BC6D /* CustomCell.m */ = {isa = PBXFileReference; fileEncoding = 4; lastKnownFileType = sourcecode.c.objc; path = CustomCell.m; sourceTree = "<group>"; };
		ABAD58B51A6094B60079BC6D /* default_logo.jpg */ = {isa = PBXFileReference; lastKnownFileType = image.jpeg; path = default_logo.jpg; sourceTree = "<group>"; };
		ABAD58B91A633FF50079BC6D /* AgendaViewController.h */ = {isa = PBXFileReference; fileEncoding = 4; lastKnownFileType = sourcecode.c.h; path = AgendaViewController.h; sourceTree = "<group>"; };
		ABAD58BA1A633FF50079BC6D /* AgendaViewController.m */ = {isa = PBXFileReference; fileEncoding = 4; lastKnownFileType = sourcecode.c.objc; path = AgendaViewController.m; sourceTree = "<group>"; };
		ABAD58BC1A6343C00079BC6D /* MapKit.framework */ = {isa = PBXFileReference; lastKnownFileType = wrapper.framework; name = MapKit.framework; path = System/Library/Frameworks/MapKit.framework; sourceTree = SDKROOT; };
		ABAD58BE1A6343CC0079BC6D /* ImageIO.framework */ = {isa = PBXFileReference; lastKnownFileType = wrapper.framework; name = ImageIO.framework; path = System/Library/Frameworks/ImageIO.framework; sourceTree = SDKROOT; };
		ABAD58C21A63446D0079BC6D /* CoreImage.framework */ = {isa = PBXFileReference; lastKnownFileType = wrapper.framework; name = CoreImage.framework; path = System/Library/Frameworks/CoreImage.framework; sourceTree = SDKROOT; };
		ABAD58C41A63448D0079BC6D /* Foundation.framework */ = {isa = PBXFileReference; lastKnownFileType = wrapper.framework; name = Foundation.framework; path = System/Library/Frameworks/Foundation.framework; sourceTree = SDKROOT; };
		ABAD58C61A63449A0079BC6D /* CoreGraphics.framework */ = {isa = PBXFileReference; lastKnownFileType = wrapper.framework; name = CoreGraphics.framework; path = System/Library/Frameworks/CoreGraphics.framework; sourceTree = SDKROOT; };
		ABAD58CA1A6464B10079BC6D /* DetailController.h */ = {isa = PBXFileReference; fileEncoding = 4; lastKnownFileType = sourcecode.c.h; path = DetailController.h; sourceTree = "<group>"; };
		ABAD58CB1A6464B10079BC6D /* DetailController.m */ = {isa = PBXFileReference; fileEncoding = 4; lastKnownFileType = sourcecode.c.objc; path = DetailController.m; sourceTree = "<group>"; };
		ABAD58CE1A647B410079BC6D /* WebController.h */ = {isa = PBXFileReference; fileEncoding = 4; lastKnownFileType = sourcecode.c.h; path = WebController.h; sourceTree = "<group>"; };
		ABAD58CF1A647B410079BC6D /* WebController.m */ = {isa = PBXFileReference; fileEncoding = 4; lastKnownFileType = sourcecode.c.objc; path = WebController.m; sourceTree = "<group>"; };
		ABAD58D11A647D1A0079BC6D /* web_back@2x.png */ = {isa = PBXFileReference; lastKnownFileType = image.png; path = "web_back@2x.png"; sourceTree = "<group>"; };
		ABAD58D21A647D1A0079BC6D /* web_forward@2x.png */ = {isa = PBXFileReference; lastKnownFileType = image.png; path = "web_forward@2x.png"; sourceTree = "<group>"; };
		ABAD58D31A647D1A0079BC6D /* web_menu@2x.png */ = {isa = PBXFileReference; lastKnownFileType = image.png; path = "web_menu@2x.png"; sourceTree = "<group>"; };
		ABAD58D41A647D1A0079BC6D /* web_refresh@2x.png */ = {isa = PBXFileReference; lastKnownFileType = image.png; path = "web_refresh@2x.png"; sourceTree = "<group>"; };
		E46460373E3BDB2E422E9F0F /* libPods.a */ = {isa = PBXFileReference; explicitFileType = archive.ar; includeInIndex = 0; path = libPods.a; sourceTree = BUILT_PRODUCTS_DIR; };
		F9CC92E8F411516BB9A2ECC0 /* Pods.release.xcconfig */ = {isa = PBXFileReference; includeInIndex = 1; lastKnownFileType = text.xcconfig; name = Pods.release.xcconfig; path = "Pods/Target Support Files/Pods/Pods.release.xcconfig"; sourceTree = "<group>"; };
/* End PBXFileReference section */

/* Begin PBXFrameworksBuildPhase section */
		ABAD586F1A6076740079BC6D /* Frameworks */ = {
			isa = PBXFrameworksBuildPhase;
			buildActionMask = 2147483647;
			files = (
				ABAD58C71A63449A0079BC6D /* CoreGraphics.framework in Frameworks */,
				ABAD58C51A63448D0079BC6D /* Foundation.framework in Frameworks */,
				ABAD58C31A63446D0079BC6D /* CoreImage.framework in Frameworks */,
				ABAD58BF1A6343CC0079BC6D /* ImageIO.framework in Frameworks */,
				ABAD58BD1A6343C00079BC6D /* MapKit.framework in Frameworks */,
				607D9AD181C977BC186D8E09 /* libPods.a in Frameworks */,
			);
			runOnlyForDeploymentPostprocessing = 0;
		};
		ABAD588B1A6076740079BC6D /* Frameworks */ = {
			isa = PBXFrameworksBuildPhase;
			buildActionMask = 2147483647;
			files = (
			);
			runOnlyForDeploymentPostprocessing = 0;
		};
/* End PBXFrameworksBuildPhase section */

/* Begin PBXGroup section */
		2FAACCC2A2F035AE19351A06 /* Pods */ = {
			isa = PBXGroup;
			children = (
				1EF98C37BCF82E5689C7ADAA /* Pods.debug.xcconfig */,
				F9CC92E8F411516BB9A2ECC0 /* Pods.release.xcconfig */,
			);
			name = Pods;
			sourceTree = "<group>";
		};
		6413C811AB9835167943035C /* Frameworks */ = {
			isa = PBXGroup;
			children = (
				ABAD58C61A63449A0079BC6D /* CoreGraphics.framework */,
				ABAD58C41A63448D0079BC6D /* Foundation.framework */,
				ABAD58C21A63446D0079BC6D /* CoreImage.framework */,
				ABAD58BE1A6343CC0079BC6D /* ImageIO.framework */,
				ABAD58BC1A6343C00079BC6D /* MapKit.framework */,
				E46460373E3BDB2E422E9F0F /* libPods.a */,
			);
			name = Frameworks;
			sourceTree = "<group>";
		};
		ABAD58691A6076740079BC6D = {
			isa = PBXGroup;
			children = (
				ABAD58B71A6094CB0079BC6D /* Images */,
				ABAD58741A6076740079BC6D /* TuEntrada */,
				ABAD58911A6076740079BC6D /* TuEntradaTests */,
				ABAD58731A6076740079BC6D /* Products */,
				2FAACCC2A2F035AE19351A06 /* Pods */,
				6413C811AB9835167943035C /* Frameworks */,
			);
			sourceTree = "<group>";
		};
		ABAD58731A6076740079BC6D /* Products */ = {
			isa = PBXGroup;
			children = (
				ABAD58721A6076740079BC6D /* TuEntrada.app */,
				ABAD588E1A6076740079BC6D /* TuEntradaTests.xctest */,
			);
			name = Products;
			sourceTree = "<group>";
		};
		ABAD58741A6076740079BC6D /* TuEntrada */ = {
			isa = PBXGroup;
			children = (
				ABAD58B81A633FD30079BC6D /* Controllers */,
				ABAD58B11A608F870079BC6D /* Celda */,
				ABAD58B01A6085280079BC6D /* Constantes */,
				ABAD58A21A60829F0079BC6D /* Utilitarios */,
				ABAD589E1A60820E0079BC6D /* ItemAgenda */,
				ABAD58791A6076740079BC6D /* AppDelegate.h */,
				ABAD587A1A6076740079BC6D /* AppDelegate.m */,
				ABAD587F1A6076740079BC6D /* ViewController.h */,
				ABAD58801A6076740079BC6D /* ViewController.m */,
				ABAD58821A6076740079BC6D /* Main.storyboard */,
				ABAD58851A6076740079BC6D /* Images.xcassets */,
				ABAD58871A6076740079BC6D /* LaunchScreen.xib */,
				ABAD587C1A6076740079BC6D /* TuEntrada.xcdatamodeld */,
				ABAD58751A6076740079BC6D /* Supporting Files */,
			);
			path = TuEntrada;
			sourceTree = "<group>";
		};
		ABAD58751A6076740079BC6D /* Supporting Files */ = {
			isa = PBXGroup;
			children = (
				ABAD58761A6076740079BC6D /* Info.plist */,
				ABAD58771A6076740079BC6D /* main.m */,
			);
			name = "Supporting Files";
			sourceTree = "<group>";
		};
		ABAD58911A6076740079BC6D /* TuEntradaTests */ = {
			isa = PBXGroup;
			children = (
				ABAD58941A6076740079BC6D /* TuEntradaTests.m */,
				ABAD58921A6076740079BC6D /* Supporting Files */,
			);
			path = TuEntradaTests;
			sourceTree = "<group>";
		};
		ABAD58921A6076740079BC6D /* Supporting Files */ = {
			isa = PBXGroup;
			children = (
				ABAD58931A6076740079BC6D /* Info.plist */,
			);
			name = "Supporting Files";
			sourceTree = "<group>";
		};
		ABAD589E1A60820E0079BC6D /* ItemAgenda */ = {
			isa = PBXGroup;
			children = (
				ABAD58A61A6083180079BC6D /* ItemAgenda.h */,
				ABAD58A71A6083180079BC6D /* ItemAgenda.m */,
			);
			name = ItemAgenda;
			sourceTree = "<group>";
		};
		ABAD58A21A60829F0079BC6D /* Utilitarios */ = {
			isa = PBXGroup;
			children = (
				ABAD58A31A6082F50079BC6D /* ParserTuEntrada.h */,
				ABAD58A41A6082F50079BC6D /* ParserTuEntrada.m */,
			);
			name = Utilitarios;
			sourceTree = "<group>";
		};
		ABAD58B01A6085280079BC6D /* Constantes */ = {
			isa = PBXGroup;
			children = (
				ABAD58AD1A6085220079BC6D /* Constantes.h */,
				ABAD58AE1A6085220079BC6D /* Constantes.m */,
			);
			name = Constantes;
			sourceTree = "<group>";
		};
		ABAD58B11A608F870079BC6D /* Celda */ = {
			isa = PBXGroup;
			children = (
				ABAD58B21A608F970079BC6D /* CustomCell.h */,
				ABAD58B31A608F970079BC6D /* CustomCell.m */,
			);
			name = Celda;
			sourceTree = "<group>";
		};
		ABAD58B71A6094CB0079BC6D /* Images */ = {
			isa = PBXGroup;
			children = (
				ABAD58D11A647D1A0079BC6D /* web_back@2x.png */,
				ABAD58D21A647D1A0079BC6D /* web_forward@2x.png */,
				ABAD58D31A647D1A0079BC6D /* web_menu@2x.png */,
				ABAD58D41A647D1A0079BC6D /* web_refresh@2x.png */,
				ABAD58B51A6094B60079BC6D /* default_logo.jpg */,
			);
			name = Images;
			sourceTree = "<group>";
		};
		ABAD58B81A633FD30079BC6D /* Controllers */ = {
			isa = PBXGroup;
			children = (
				ABAD58CD1A647B2D0079BC6D /* Web */,
				ABAD58C91A64647C0079BC6D /* Details */,
				ABAD58C81A6464740079BC6D /* Agenda */,
			);
			name = Controllers;
			sourceTree = "<group>";
		};
		ABAD58C81A6464740079BC6D /* Agenda */ = {
			isa = PBXGroup;
			children = (
				ABAD58B91A633FF50079BC6D /* AgendaViewController.h */,
				ABAD58BA1A633FF50079BC6D /* AgendaViewController.m */,
			);
			name = Agenda;
			sourceTree = "<group>";
		};
		ABAD58C91A64647C0079BC6D /* Details */ = {
			isa = PBXGroup;
			children = (
				ABAD58CA1A6464B10079BC6D /* DetailController.h */,
				ABAD58CB1A6464B10079BC6D /* DetailController.m */,
			);
			name = Details;
			sourceTree = "<group>";
		};
		ABAD58CD1A647B2D0079BC6D /* Web */ = {
			isa = PBXGroup;
			children = (
				ABAD58CE1A647B410079BC6D /* WebController.h */,
				ABAD58CF1A647B410079BC6D /* WebController.m */,
			);
			name = Web;
			sourceTree = "<group>";
		};
/* End PBXGroup section */

/* Begin PBXNativeTarget section */
		ABAD58711A6076740079BC6D /* TuEntrada */ = {
			isa = PBXNativeTarget;
			buildConfigurationList = ABAD58981A6076740079BC6D /* Build configuration list for PBXNativeTarget "TuEntrada" */;
			buildPhases = (
				7FCEA6CDD9A512CB83812F8A /* Check Pods Manifest.lock */,
				ABAD586E1A6076740079BC6D /* Sources */,
				ABAD586F1A6076740079BC6D /* Frameworks */,
				ABAD58701A6076740079BC6D /* Resources */,
				6E31B70D5B7B9F125CEF13F6 /* Copy Pods Resources */,
			);
			buildRules = (
			);
			dependencies = (
			);
			name = TuEntrada;
			productName = TuEntrada;
			productReference = ABAD58721A6076740079BC6D /* TuEntrada.app */;
			productType = "com.apple.product-type.application";
		};
		ABAD588D1A6076740079BC6D /* TuEntradaTests */ = {
			isa = PBXNativeTarget;
			buildConfigurationList = ABAD589B1A6076740079BC6D /* Build configuration list for PBXNativeTarget "TuEntradaTests" */;
			buildPhases = (
				ABAD588A1A6076740079BC6D /* Sources */,
				ABAD588B1A6076740079BC6D /* Frameworks */,
				ABAD588C1A6076740079BC6D /* Resources */,
			);
			buildRules = (
			);
			dependencies = (
				ABAD58901A6076740079BC6D /* PBXTargetDependency */,
			);
			name = TuEntradaTests;
			productName = TuEntradaTests;
			productReference = ABAD588E1A6076740079BC6D /* TuEntradaTests.xctest */;
			productType = "com.apple.product-type.bundle.unit-test";
		};
/* End PBXNativeTarget section */

/* Begin PBXProject section */
		ABAD586A1A6076740079BC6D /* Project object */ = {
			isa = PBXProject;
			attributes = {
				LastUpgradeCheck = 0610;
				ORGANIZATIONNAME = Ruitzei;
				TargetAttributes = {
					ABAD58711A6076740079BC6D = {
						CreatedOnToolsVersion = 6.1.1;
					};
					ABAD588D1A6076740079BC6D = {
						CreatedOnToolsVersion = 6.1.1;
						TestTargetID = ABAD58711A6076740079BC6D;
					};
				};
			};
			buildConfigurationList = ABAD586D1A6076740079BC6D /* Build configuration list for PBXProject "TuEntrada" */;
			compatibilityVersion = "Xcode 3.2";
			developmentRegion = English;
			hasScannedForEncodings = 0;
			knownRegions = (
				en,
				Base,
			);
			mainGroup = ABAD58691A6076740079BC6D;
			productRefGroup = ABAD58731A6076740079BC6D /* Products */;
			projectDirPath = "";
			projectRoot = "";
			targets = (
				ABAD58711A6076740079BC6D /* TuEntrada */,
				ABAD588D1A6076740079BC6D /* TuEntradaTests */,
			);
		};
/* End PBXProject section */

/* Begin PBXResourcesBuildPhase section */
		ABAD58701A6076740079BC6D /* Resources */ = {
			isa = PBXResourcesBuildPhase;
			buildActionMask = 2147483647;
			files = (
				ABAD58B61A6094B60079BC6D /* default_logo.jpg in Resources */,
				ABAD58D51A647D1A0079BC6D /* web_back@2x.png in Resources */,
				ABAD58841A6076740079BC6D /* Main.storyboard in Resources */,
				ABAD58D81A647D1A0079BC6D /* web_refresh@2x.png in Resources */,
				ABAD58D61A647D1A0079BC6D /* web_forward@2x.png in Resources */,
				ABAD58D71A647D1A0079BC6D /* web_menu@2x.png in Resources */,
				ABAD58891A6076740079BC6D /* LaunchScreen.xib in Resources */,
				ABAD58861A6076740079BC6D /* Images.xcassets in Resources */,
			);
			runOnlyForDeploymentPostprocessing = 0;
		};
		ABAD588C1A6076740079BC6D /* Resources */ = {
			isa = PBXResourcesBuildPhase;
			buildActionMask = 2147483647;
			files = (
			);
			runOnlyForDeploymentPostprocessing = 0;
		};
/* End PBXResourcesBuildPhase section */

/* Begin PBXShellScriptBuildPhase section */
		6E31B70D5B7B9F125CEF13F6 /* Copy Pods Resources */ = {
			isa = PBXShellScriptBuildPhase;
			buildActionMask = 2147483647;
			files = (
			);
			inputPaths = (
			);
			name = "Copy Pods Resources";
			outputPaths = (
			);
			runOnlyForDeploymentPostprocessing = 0;
			shellPath = /bin/sh;
			shellScript = "\"${SRCROOT}/Pods/Target Support Files/Pods/Pods-resources.sh\"\n";
			showEnvVarsInLog = 0;
		};
		7FCEA6CDD9A512CB83812F8A /* Check Pods Manifest.lock */ = {
			isa = PBXShellScriptBuildPhase;
			buildActionMask = 2147483647;
			files = (
			);
			inputPaths = (
			);
			name = "Check Pods Manifest.lock";
			outputPaths = (
			);
			runOnlyForDeploymentPostprocessing = 0;
			shellPath = /bin/sh;
			shellScript = "diff \"${PODS_ROOT}/../Podfile.lock\" \"${PODS_ROOT}/Manifest.lock\" > /dev/null\nif [[ $? != 0 ]] ; then\n    cat << EOM\nerror: The sandbox is not in sync with the Podfile.lock. Run 'pod install' or update your CocoaPods installation.\nEOM\n    exit 1\nfi\n";
			showEnvVarsInLog = 0;
		};
/* End PBXShellScriptBuildPhase section */

/* Begin PBXSourcesBuildPhase section */
		ABAD586E1A6076740079BC6D /* Sources */ = {
			isa = PBXSourcesBuildPhase;
			buildActionMask = 2147483647;
			files = (
				ABAD58A81A6083180079BC6D /* ItemAgenda.m in Sources */,
				ABAD587B1A6076740079BC6D /* AppDelegate.m in Sources */,
				ABAD58CC1A6464B10079BC6D /* DetailController.m in Sources */,
				ABAD58D01A647B410079BC6D /* WebController.m in Sources */,
				ABAD58B41A608F970079BC6D /* CustomCell.m in Sources */,
				ABAD58A51A6082F50079BC6D /* ParserTuEntrada.m in Sources */,
				ABAD587E1A6076740079BC6D /* TuEntrada.xcdatamodeld in Sources */,
				ABAD58811A6076740079BC6D /* ViewController.m in Sources */,
				ABAD58BB1A633FF50079BC6D /* AgendaViewController.m in Sources */,
				ABAD58781A6076740079BC6D /* main.m in Sources */,
				ABAD58AF1A6085220079BC6D /* Constantes.m in Sources */,
			);
			runOnlyForDeploymentPostprocessing = 0;
		};
		ABAD588A1A6076740079BC6D /* Sources */ = {
			isa = PBXSourcesBuildPhase;
			buildActionMask = 2147483647;
			files = (
				ABAD58951A6076740079BC6D /* TuEntradaTests.m in Sources */,
			);
			runOnlyForDeploymentPostprocessing = 0;
		};
/* End PBXSourcesBuildPhase section */

/* Begin PBXTargetDependency section */
		ABAD58901A6076740079BC6D /* PBXTargetDependency */ = {
			isa = PBXTargetDependency;
			target = ABAD58711A6076740079BC6D /* TuEntrada */;
			targetProxy = ABAD588F1A6076740079BC6D /* PBXContainerItemProxy */;
		};
/* End PBXTargetDependency section */

/* Begin PBXVariantGroup section */
		ABAD58821A6076740079BC6D /* Main.storyboard */ = {
			isa = PBXVariantGroup;
			children = (
				ABAD58831A6076740079BC6D /* Base */,
			);
			name = Main.storyboard;
			sourceTree = "<group>";
		};
		ABAD58871A6076740079BC6D /* LaunchScreen.xib */ = {
			isa = PBXVariantGroup;
			children = (
				ABAD58881A6076740079BC6D /* Base */,
			);
			name = LaunchScreen.xib;
			sourceTree = "<group>";
		};
/* End PBXVariantGroup section */

/* Begin XCBuildConfiguration section */
		ABAD58961A6076740079BC6D /* Debug */ = {
			isa = XCBuildConfiguration;
			buildSettings = {
				ALWAYS_SEARCH_USER_PATHS = NO;
				CLANG_CXX_LANGUAGE_STANDARD = "gnu++0x";
				CLANG_CXX_LIBRARY = "libc++";
				CLANG_ENABLE_MODULES = YES;
				CLANG_ENABLE_OBJC_ARC = YES;
				CLANG_WARN_BOOL_CONVERSION = YES;
				CLANG_WARN_CONSTANT_CONVERSION = YES;
				CLANG_WARN_DIRECT_OBJC_ISA_USAGE = YES_ERROR;
				CLANG_WARN_EMPTY_BODY = YES;
				CLANG_WARN_ENUM_CONVERSION = YES;
				CLANG_WARN_INT_CONVERSION = YES;
				CLANG_WARN_OBJC_ROOT_CLASS = YES_ERROR;
				CLANG_WARN_UNREACHABLE_CODE = YES;
				CLANG_WARN__DUPLICATE_METHOD_MATCH = YES;
				"CODE_SIGN_IDENTITY[sdk=iphoneos*]" = "iPhone Developer";
				COPY_PHASE_STRIP = NO;
				ENABLE_STRICT_OBJC_MSGSEND = YES;
				GCC_C_LANGUAGE_STANDARD = gnu99;
				GCC_DYNAMIC_NO_PIC = NO;
				GCC_OPTIMIZATION_LEVEL = 0;
				GCC_PREPROCESSOR_DEFINITIONS = (
					"DEBUG=1",
					"$(inherited)",
				);
				GCC_SYMBOLS_PRIVATE_EXTERN = NO;
				GCC_WARN_64_TO_32_BIT_CONVERSION = YES;
				GCC_WARN_ABOUT_RETURN_TYPE = YES_ERROR;
				GCC_WARN_UNDECLARED_SELECTOR = YES;
				GCC_WARN_UNINITIALIZED_AUTOS = YES_AGGRESSIVE;
				GCC_WARN_UNUSED_FUNCTION = YES;
				GCC_WARN_UNUSED_VARIABLE = YES;
				IPHONEOS_DEPLOYMENT_TARGET = 8.1;
				MTL_ENABLE_DEBUG_INFO = YES;
				ONLY_ACTIVE_ARCH = YES;
				SDKROOT = iphoneos;
			};
			name = Debug;
		};
		ABAD58971A6076740079BC6D /* Release */ = {
			isa = XCBuildConfiguration;
			buildSettings = {
				ALWAYS_SEARCH_USER_PATHS = NO;
				CLANG_CXX_LANGUAGE_STANDARD = "gnu++0x";
				CLANG_CXX_LIBRARY = "libc++";
				CLANG_ENABLE_MODULES = YES;
				CLANG_ENABLE_OBJC_ARC = YES;
				CLANG_WARN_BOOL_CONVERSION = YES;
				CLANG_WARN_CONSTANT_CONVERSION = YES;
				CLANG_WARN_DIRECT_OBJC_ISA_USAGE = YES_ERROR;
				CLANG_WARN_EMPTY_BODY = YES;
				CLANG_WARN_ENUM_CONVERSION = YES;
				CLANG_WARN_INT_CONVERSION = YES;
				CLANG_WARN_OBJC_ROOT_CLASS = YES_ERROR;
				CLANG_WARN_UNREACHABLE_CODE = YES;
				CLANG_WARN__DUPLICATE_METHOD_MATCH = YES;
				"CODE_SIGN_IDENTITY[sdk=iphoneos*]" = "iPhone Developer";
				COPY_PHASE_STRIP = YES;
				ENABLE_NS_ASSERTIONS = NO;
				ENABLE_STRICT_OBJC_MSGSEND = YES;
				GCC_C_LANGUAGE_STANDARD = gnu99;
				GCC_WARN_64_TO_32_BIT_CONVERSION = YES;
				GCC_WARN_ABOUT_RETURN_TYPE = YES_ERROR;
				GCC_WARN_UNDECLARED_SELECTOR = YES;
				GCC_WARN_UNINITIALIZED_AUTOS = YES_AGGRESSIVE;
				GCC_WARN_UNUSED_FUNCTION = YES;
				GCC_WARN_UNUSED_VARIABLE = YES;
				IPHONEOS_DEPLOYMENT_TARGET = 8.1;
				MTL_ENABLE_DEBUG_INFO = NO;
				SDKROOT = iphoneos;
				VALIDATE_PRODUCT = YES;
			};
			name = Release;
		};
		ABAD58991A6076740079BC6D /* Debug */ = {
			isa = XCBuildConfiguration;
			baseConfigurationReference = 1EF98C37BCF82E5689C7ADAA /* Pods.debug.xcconfig */;
			buildSettings = {
				ASSETCATALOG_COMPILER_APPICON_NAME = AppIcon;
				INFOPLIST_FILE = TuEntrada/Info.plist;
				LD_RUNPATH_SEARCH_PATHS = "$(inherited) @executable_path/Frameworks";
				PRODUCT_NAME = "$(TARGET_NAME)";
			};
			name = Debug;
		};
		ABAD589A1A6076740079BC6D /* Release */ = {
			isa = XCBuildConfiguration;
			baseConfigurationReference = F9CC92E8F411516BB9A2ECC0 /* Pods.release.xcconfig */;
			buildSettings = {
				ASSETCATALOG_COMPILER_APPICON_NAME = AppIcon;
				INFOPLIST_FILE = TuEntrada/Info.plist;
				LD_RUNPATH_SEARCH_PATHS = "$(inherited) @executable_path/Frameworks";
				PRODUCT_NAME = "$(TARGET_NAME)";
			};
			name = Release;
		};
		ABAD589C1A6076740079BC6D /* Debug */ = {
			isa = XCBuildConfiguration;
			buildSettings = {
				BUNDLE_LOADER = "$(TEST_HOST)";
				FRAMEWORK_SEARCH_PATHS = (
					"$(SDKROOT)/Developer/Library/Frameworks",
					"$(inherited)",
				);
				GCC_PREPROCESSOR_DEFINITIONS = (
					"DEBUG=1",
					"$(inherited)",
				);
				INFOPLIST_FILE = TuEntradaTests/Info.plist;
				LD_RUNPATH_SEARCH_PATHS = "$(inherited) @executable_path/Frameworks @loader_path/Frameworks";
				PRODUCT_NAME = "$(TARGET_NAME)";
				TEST_HOST = "$(BUILT_PRODUCTS_DIR)/TuEntrada.app/TuEntrada";
			};
			name = Debug;
		};
		ABAD589D1A6076740079BC6D /* Release */ = {
			isa = XCBuildConfiguration;
			buildSettings = {
				BUNDLE_LOADER = "$(TEST_HOST)";
				FRAMEWORK_SEARCH_PATHS = (
					"$(SDKROOT)/Developer/Library/Frameworks",
					"$(inherited)",
				);
				INFOPLIST_FILE = TuEntradaTests/Info.plist;
				LD_RUNPATH_SEARCH_PATHS = "$(inherited) @executable_path/Frameworks @loader_path/Frameworks";
				PRODUCT_NAME = "$(TARGET_NAME)";
				TEST_HOST = "$(BUILT_PRODUCTS_DIR)/TuEntrada.app/TuEntrada";
			};
			name = Release;
		};
/* End XCBuildConfiguration section */

/* Begin XCConfigurationList section */
		ABAD586D1A6076740079BC6D /* Build configuration list for PBXProject "TuEntrada" */ = {
			isa = XCConfigurationList;
			buildConfigurations = (
				ABAD58961A6076740079BC6D /* Debug */,
				ABAD58971A6076740079BC6D /* Release */,
			);
			defaultConfigurationIsVisible = 0;
			defaultConfigurationName = Release;
		};
		ABAD58981A6076740079BC6D /* Build configuration list for PBXNativeTarget "TuEntrada" */ = {
			isa = XCConfigurationList;
			buildConfigurations = (
				ABAD58991A6076740079BC6D /* Debug */,
				ABAD589A1A6076740079BC6D /* Release */,
			);
			defaultConfigurationIsVisible = 0;
			defaultConfigurationName = Release;
		};
		ABAD589B1A6076740079BC6D /* Build configuration list for PBXNativeTarget "TuEntradaTests" */ = {
			isa = XCConfigurationList;
			buildConfigurations = (
				ABAD589C1A6076740079BC6D /* Debug */,
				ABAD589D1A6076740079BC6D /* Release */,
			);
			defaultConfigurationIsVisible = 0;
			defaultConfigurationName = Release;
		};
/* End XCConfigurationList section */

/* Begin XCVersionGroup section */
		ABAD587C1A6076740079BC6D /* TuEntrada.xcdatamodeld */ = {
			isa = XCVersionGroup;
			children = (
				ABAD587D1A6076740079BC6D /* TuEntrada.xcdatamodel */,
			);
			currentVersion = ABAD587D1A6076740079BC6D /* TuEntrada.xcdatamodel */;
			path = TuEntrada.xcdatamodeld;
			sourceTree = "<group>";
			versionGroupType = wrapper.xcdatamodel;
		};
/* End XCVersionGroup section */
	};
	rootObject = ABAD586A1A6076740079BC6D /* Project object */;
}
